// !$*UTF8*$!
{
	archiveVersion = 1;
	classes = {
	};
	objectVersion = 77;
	objects = {

/* Begin PBXBuildFile section */
		18CECF81E2F415A5079FBF21 /* home.svg in Resources */ = {isa = PBXBuildFile; fileRef = 700B59D84A0CDB7D7762F1D3 /* home.svg */; };
		18D840420CE76B31055554AA /* ShortcutsManager.swift in Sources */ = {isa = PBXBuildFile; fileRef = 5313CF64012D214F907F41D0 /* ShortcutsManager.swift */; };
		2AD878954FC4F688E031F81C /* ContentView.swift in Sources */ = {isa = PBXBuildFile; fileRef = 4A0E62761F488091672A1488 /* ContentView.swift */; };
		2C1D5953FD6A3BBF4C07A068 /* forward.svg in Resources */ = {isa = PBXBuildFile; fileRef = 9F6A13D7569E2BCF516C073A /* forward.svg */; };
		33B54C5058CE967D522D8D63 /* WebView.swift in Sources */ = {isa = PBXBuildFile; fileRef = 7C5071766964E6B2F6EF8CB1 /* WebView.swift */; };
		3AEBF223884B1D6567F78E57 /* DownloadsPopoverView.swift in Sources */ = {isa = PBXBuildFile; fileRef = 406E74793707E3327B8DB619 /* DownloadsPopoverView.swift */; };
		4EEA959AC96C786DCE929A72 /* content-blocker.json in Resources */ = {isa = PBXBuildFile; fileRef = F0A52A1F857D2F78C1C727B7 /* content-blocker.json */; };
		59F91C1365AD69A23C4D6FC6 /* reload.svg in Resources */ = {isa = PBXBuildFile; fileRef = CCF736D58D4B1B9DD78B6DC7 /* reload.svg */; };
		68B047D633578BB33BF44EC1 /* scriptlets.json in Resources */ = {isa = PBXBuildFile; fileRef = 04F3E1F306DEDFFEC02F3FC1 /* scriptlets.json */; };
		6BE3F62D6EB3F7C09FE01221 /* FindManager.swift in Sources */ = {isa = PBXBuildFile; fileRef = 0FB71EEA774AA493EE780630 /* FindManager.swift */; };
		6C0ED7E3622816CBE8A50796 /* BrowserApp.swift in Sources */ = {isa = PBXBuildFile; fileRef = 9438F3E6EC4ED4CCCA5F5F7F /* BrowserApp.swift */; };
		6EBA20E21E118F4196EB87F4 /* HistoryView.swift in Sources */ = {isa = PBXBuildFile; fileRef = 00E4D4E4297EE5A995389883 /* HistoryView.swift */; };
		777F029CBD2EE9C097AB16E4 /* HistoryManager.swift in Sources */ = {isa = PBXBuildFile; fileRef = B90D4B84985992F98A23B11A /* HistoryManager.swift */; };
		78FD3D3F6111BD300BA2D66C /* AdBlockController.swift in Sources */ = {isa = PBXBuildFile; fileRef = FCFA86E23377365E7AD1051C /* AdBlockController.swift */; };
		7A89E30D620EF1BCAE32EC7F /* PageCrashErrorView.swift in Sources */ = {isa = PBXBuildFile; fileRef = E9AEE9CEBF5FB2E1EA5EE24E /* PageCrashErrorView.swift */; };
		8AEEB3AD49CBBFA725FEE3CB /* Assets.xcassets in Resources */ = {isa = PBXBuildFile; fileRef = 8CA7EC49AB41C0A1018C97C5 /* Assets.xcassets */; };
		8D9201D9BDE2E3FD6A709BDA /* AppIcon.icns in Resources */ = {isa = PBXBuildFile; fileRef = B29158CC43F05B620ECEFFB4 /* AppIcon.icns */; };
		9FC4F3A70468F001906711E2 /* BrowserViewModel.swift in Sources */ = {isa = PBXBuildFile; fileRef = 3C4AC25A5341FD39BC019033 /* BrowserViewModel.swift */; };
		A3BF6314FA945799CCA5879E /* FindBarView.swift in Sources */ = {isa = PBXBuildFile; fileRef = 8E6D4CEE8B063A43615C3B7C /* FindBarView.swift */; };
		ABCB025E18964EB139E96BF1 /* DownloadManager.swift in Sources */ = {isa = PBXBuildFile; fileRef = 28F1BD757E39349EEBF7733D /* DownloadManager.swift */; };
		CC28BE87983ED7AA53A62D8D /* SettingsView.swift in Sources */ = {isa = PBXBuildFile; fileRef = 35FF797B381C4B5514E1C3E0 /* SettingsView.swift */; };
		D003D2BBA8D57BF873C46FD5 /* AdBlockStatusPopover.swift in Sources */ = {isa = PBXBuildFile; fileRef = A52EBA0EC0EF38D81593115C /* AdBlockStatusPopover.swift */; };
		D6FAAA3115D275E76FA3CB85 /* back.svg in Resources */ = {isa = PBXBuildFile; fileRef = 91BB8B6F9E31DAD0ED03D68A /* back.svg */; };
		D988EAF27CFED58E485DD3C9 /* isa_browser.png in Resources */ = {isa = PBXBuildFile; fileRef = 3D10A34ECBD5ABD2009E9C28 /* isa_browser.png */; };
		E5751AEB2732718B8D4C99FA /* ShortcutsView.swift in Sources */ = {isa = PBXBuildFile; fileRef = BA693DFF0093D28409A09782 /* ShortcutsView.swift */; };
		E83B9707CDB2F3023777568C /* AnimatedThemeToggle.swift in Sources */ = {isa = PBXBuildFile; fileRef = C30D9C0B64F88B9B20A301FB /* AnimatedThemeToggle.swift */; };
		F5CB8C513A013A41CCE1EA3E /* PerformanceMonitor.swift in Sources */ = {isa = PBXBuildFile; fileRef = 7CE6B1823199154523A2754F /* PerformanceMonitor.swift */; };
		FD89C2DA18D8E9BAAFF593DA /* cosmetic-filters.json in Resources */ = {isa = PBXBuildFile; fileRef = 72261784DAB32E409CD0F35A /* cosmetic-filters.json */; };
/* End PBXBuildFile section */

/* Begin PBXFileReference section */
		00E4D4E4297EE5A995389883 /* HistoryView.swift */ = {isa = PBXFileReference; lastKnownFileType = sourcecode.swift; path = HistoryView.swift; sourceTree = "<group>"; };
		04F3E1F306DEDFFEC02F3FC1 /* scriptlets.json */ = {isa = PBXFileReference; lastKnownFileType = text.json; path = scriptlets.json; sourceTree = "<group>"; };
		0FB71EEA774AA493EE780630 /* FindManager.swift */ = {isa = PBXFileReference; lastKnownFileType = sourcecode.swift; path = FindManager.swift; sourceTree = "<group>"; };
		28F1BD757E39349EEBF7733D /* DownloadManager.swift */ = {isa = PBXFileReference; lastKnownFileType = sourcecode.swift; path = DownloadManager.swift; sourceTree = "<group>"; };
		35FF797B381C4B5514E1C3E0 /* SettingsView.swift */ = {isa = PBXFileReference; lastKnownFileType = sourcecode.swift; path = SettingsView.swift; sourceTree = "<group>"; };
		3C4AC25A5341FD39BC019033 /* BrowserViewModel.swift */ = {isa = PBXFileReference; lastKnownFileType = sourcecode.swift; path = BrowserViewModel.swift; sourceTree = "<group>"; };
		3D10A34ECBD5ABD2009E9C28 /* isa_browser.png */ = {isa = PBXFileReference; lastKnownFileType = image.png; path = isa_browser.png; sourceTree = "<group>"; };
		406E74793707E3327B8DB619 /* DownloadsPopoverView.swift */ = {isa = PBXFileReference; lastKnownFileType = sourcecode.swift; path = DownloadsPopoverView.swift; sourceTree = "<group>"; };
		4A0E62761F488091672A1488 /* ContentView.swift */ = {isa = PBXFileReference; lastKnownFileType = sourcecode.swift; path = ContentView.swift; sourceTree = "<group>"; };
		5313CF64012D214F907F41D0 /* ShortcutsManager.swift */ = {isa = PBXFileReference; lastKnownFileType = sourcecode.swift; path = ShortcutsManager.swift; sourceTree = "<group>"; };
		700B59D84A0CDB7D7762F1D3 /* home.svg */ = {isa = PBXFileReference; path = home.svg; sourceTree = "<group>"; };
		72261784DAB32E409CD0F35A /* cosmetic-filters.json */ = {isa = PBXFileReference; lastKnownFileType = text.json; path = "cosmetic-filters.json"; sourceTree = "<group>"; };
		743BD572D7B7FC8B70AE8D69 /* isa.app */ = {isa = PBXFileReference; explicitFileType = wrapper.application; includeInIndex = 0; path = isa.app; sourceTree = BUILT_PRODUCTS_DIR; };
		7C5071766964E6B2F6EF8CB1 /* WebView.swift */ = {isa = PBXFileReference; lastKnownFileType = sourcecode.swift; path = WebView.swift; sourceTree = "<group>"; };
		7CE6B1823199154523A2754F /* PerformanceMonitor.swift */ = {isa = PBXFileReference; lastKnownFileType = sourcecode.swift; path = PerformanceMonitor.swift; sourceTree = "<group>"; };
		8CA7EC49AB41C0A1018C97C5 /* Assets.xcassets */ = {isa = PBXFileReference; lastKnownFileType = folder.assetcatalog; path = Assets.xcassets; sourceTree = "<group>"; };
		8E6D4CEE8B063A43615C3B7C /* FindBarView.swift */ = {isa = PBXFileReference; lastKnownFileType = sourcecode.swift; path = FindBarView.swift; sourceTree = "<group>"; };
		91BB8B6F9E31DAD0ED03D68A /* back.svg */ = {isa = PBXFileReference; path = back.svg; sourceTree = "<group>"; };
		9438F3E6EC4ED4CCCA5F5F7F /* BrowserApp.swift */ = {isa = PBXFileReference; lastKnownFileType = sourcecode.swift; path = BrowserApp.swift; sourceTree = "<group>"; };
		9F6A13D7569E2BCF516C073A /* forward.svg */ = {isa = PBXFileReference; path = forward.svg; sourceTree = "<group>"; };
		A52EBA0EC0EF38D81593115C /* AdBlockStatusPopover.swift */ = {isa = PBXFileReference; lastKnownFileType = sourcecode.swift; path = AdBlockStatusPopover.swift; sourceTree = "<group>"; };
		B29158CC43F05B620ECEFFB4 /* AppIcon.icns */ = {isa = PBXFileReference; lastKnownFileType = image.icns; path = AppIcon.icns; sourceTree = "<group>"; };
		B90D4B84985992F98A23B11A /* HistoryManager.swift */ = {isa = PBXFileReference; lastKnownFileType = sourcecode.swift; path = HistoryManager.swift; sourceTree = "<group>"; };
		BA693DFF0093D28409A09782 /* ShortcutsView.swift */ = {isa = PBXFileReference; lastKnownFileType = sourcecode.swift; path = ShortcutsView.swift; sourceTree = "<group>"; };
		C30D9C0B64F88B9B20A301FB /* AnimatedThemeToggle.swift */ = {isa = PBXFileReference; lastKnownFileType = sourcecode.swift; path = AnimatedThemeToggle.swift; sourceTree = "<group>"; };
		CCF736D58D4B1B9DD78B6DC7 /* reload.svg */ = {isa = PBXFileReference; path = reload.svg; sourceTree = "<group>"; };
		E9AEE9CEBF5FB2E1EA5EE24E /* PageCrashErrorView.swift */ = {isa = PBXFileReference; lastKnownFileType = sourcecode.swift; path = PageCrashErrorView.swift; sourceTree = "<group>"; };
		F0A52A1F857D2F78C1C727B7 /* content-blocker.json */ = {isa = PBXFileReference; lastKnownFileType = text.json; path = "content-blocker.json"; sourceTree = "<group>"; };
		FCFA86E23377365E7AD1051C /* AdBlockController.swift */ = {isa = PBXFileReference; lastKnownFileType = sourcecode.swift; path = AdBlockController.swift; sourceTree = "<group>"; };
/* End PBXFileReference section */

/* Begin PBXGroup section */
		1F1A05A3EBD07DB6B281CA12 /* Find */ = {
			isa = PBXGroup;
			children = (
				8E6D4CEE8B063A43615C3B7C /* FindBarView.swift */,
				0FB71EEA774AA493EE780630 /* FindManager.swift */,
			);
			path = Find;
			sourceTree = "<group>";
		};
		5066DB9A88516AE2B881AA56 /* Sources */ = {
			isa = PBXGroup;
			children = (
				C0E1124C8EA80C4A29730C3D /* Adblocker */,
				FFB0D963D7E00BBF2E4002F1 /* App */,
				6E6D8CBC29F504392E617194 /* Downloads */,
				1F1A05A3EBD07DB6B281CA12 /* Find */,
				CAFB0E34FF64361877161A1F /* History */,
				CCF003890F7D2764672F83EF /* Models */,
				59AFA8C69B07EFA7BD567BF8 /* Performance */,
				EB04CA972510AE5F56B80E37 /* Shortcuts */,
				E0CDB80AAAEBD0561A7E9B1F /* UI */,
				F12B0EF9F59B5573FE7DD2A8 /* WebView */,
			);
			path = Sources;
			sourceTree = "<group>";
		};
		59AFA8C69B07EFA7BD567BF8 /* Performance */ = {
			isa = PBXGroup;
			children = (
				7CE6B1823199154523A2754F /* PerformanceMonitor.swift */,
			);
			path = Performance;
			sourceTree = "<group>";
		};
		6E6D8CBC29F504392E617194 /* Downloads */ = {
			isa = PBXGroup;
			children = (
				28F1BD757E39349EEBF7733D /* DownloadManager.swift */,
				406E74793707E3327B8DB619 /* DownloadsPopoverView.swift */,
			);
			path = Downloads;
			sourceTree = "<group>";
		};
		74C0FC5AAC080B0E233CF4D5 /* Assets */ = {
			isa = PBXGroup;
			children = (
				B29158CC43F05B620ECEFFB4 /* AppIcon.icns */,
				8CA7EC49AB41C0A1018C97C5 /* Assets.xcassets */,
				91BB8B6F9E31DAD0ED03D68A /* back.svg */,
				9F6A13D7569E2BCF516C073A /* forward.svg */,
				700B59D84A0CDB7D7762F1D3 /* home.svg */,
				3D10A34ECBD5ABD2009E9C28 /* isa_browser.png */,
				CCF736D58D4B1B9DD78B6DC7 /* reload.svg */,
			);
			path = Assets;
			sourceTree = "<group>";
		};
		C0E1124C8EA80C4A29730C3D /* Adblocker */ = {
			isa = PBXGroup;
			children = (
				FCFA86E23377365E7AD1051C /* AdBlockController.swift */,
				A52EBA0EC0EF38D81593115C /* AdBlockStatusPopover.swift */,
			);
			path = Adblocker;
			sourceTree = "<group>";
		};
		CAFB0E34FF64361877161A1F /* History */ = {
			isa = PBXGroup;
			children = (
				B90D4B84985992F98A23B11A /* HistoryManager.swift */,
				00E4D4E4297EE5A995389883 /* HistoryView.swift */,
			);
			path = History;
			sourceTree = "<group>";
		};
		CCF003890F7D2764672F83EF /* Models */ = {
			isa = PBXGroup;
			children = (
				3C4AC25A5341FD39BC019033 /* BrowserViewModel.swift */,
			);
			path = Models;
			sourceTree = "<group>";
		};
		CF6ECE20A724DCC289C91F4E = {
			isa = PBXGroup;
			children = (
				74C0FC5AAC080B0E233CF4D5 /* Assets */,
				DD1614F6EAC8AB9123D8ECA8 /* rules */,
				5066DB9A88516AE2B881AA56 /* Sources */,
				F80396EEF2BBB80B6BBF99C0 /* Products */,
			);
			sourceTree = "<group>";
		};
		DD1614F6EAC8AB9123D8ECA8 /* rules */ = {
			isa = PBXGroup;
			children = (
				F0A52A1F857D2F78C1C727B7 /* content-blocker.json */,
				72261784DAB32E409CD0F35A /* cosmetic-filters.json */,
				04F3E1F306DEDFFEC02F3FC1 /* scriptlets.json */,
			);
			path = rules;
			sourceTree = "<group>";
		};
		E0CDB80AAAEBD0561A7E9B1F /* UI */ = {
			isa = PBXGroup;
			children = (
				C30D9C0B64F88B9B20A301FB /* AnimatedThemeToggle.swift */,
				E9AEE9CEBF5FB2E1EA5EE24E /* PageCrashErrorView.swift */,
				35FF797B381C4B5514E1C3E0 /* SettingsView.swift */,
			);
			path = UI;
			sourceTree = "<group>";
		};
		EB04CA972510AE5F56B80E37 /* Shortcuts */ = {
			isa = PBXGroup;
			children = (
				5313CF64012D214F907F41D0 /* ShortcutsManager.swift */,
				BA693DFF0093D28409A09782 /* ShortcutsView.swift */,
			);
			path = Shortcuts;
			sourceTree = "<group>";
		};
		F12B0EF9F59B5573FE7DD2A8 /* WebView */ = {
			isa = PBXGroup;
			children = (
				7C5071766964E6B2F6EF8CB1 /* WebView.swift */,
			);
			path = WebView;
			sourceTree = "<group>";
		};
		F80396EEF2BBB80B6BBF99C0 /* Products */ = {
			isa = PBXGroup;
			children = (
				743BD572D7B7FC8B70AE8D69 /* isa.app */,
			);
			name = Products;
			sourceTree = "<group>";
		};
		FFB0D963D7E00BBF2E4002F1 /* App */ = {
			isa = PBXGroup;
			children = (
				9438F3E6EC4ED4CCCA5F5F7F /* BrowserApp.swift */,
				4A0E62761F488091672A1488 /* ContentView.swift */,
			);
			path = App;
			sourceTree = "<group>";
		};
/* End PBXGroup section */

/* Begin PBXNativeTarget section */
		BA62A4293D5A6FDC52023944 /* isa */ = {
			isa = PBXNativeTarget;
			buildConfigurationList = B83800C44C9FD264523FD72C /* Build configuration list for PBXNativeTarget "isa" */;
			buildPhases = (
				4BB52176957E7F6D02802C3D /* Sources */,
				2BEBDB9AFD07D7FA68E993AC /* Resources */,
			);
			buildRules = (
			);
			dependencies = (
			);
			name = isa;
			packageProductDependencies = (
			);
			productName = isa;
			productReference = 743BD572D7B7FC8B70AE8D69 /* isa.app */;
			productType = "com.apple.product-type.application";
		};
/* End PBXNativeTarget section */

/* Begin PBXProject section */
		0D98922E04F9142B26542209 /* Project object */ = {
			isa = PBXProject;
			attributes = {
				BuildIndependentTargetsInParallel = YES;
				LastUpgradeCheck = 1430;
				TargetAttributes = {
					BA62A4293D5A6FDC52023944 = {
						ProvisioningStyle = Automatic;
					};
				};
			};
			buildConfigurationList = BDCD5A0769990FEC79A60387 /* Build configuration list for PBXProject "isa" */;
			developmentRegion = en;
			hasScannedForEncodings = 0;
			knownRegions = (
				Base,
				en,
			);
			mainGroup = CF6ECE20A724DCC289C91F4E;
			minimizedProjectReferenceProxies = 1;
			preferredProjectObjectVersion = 77;
			productRefGroup = F80396EEF2BBB80B6BBF99C0 /* Products */;
			projectDirPath = "";
			projectRoot = "";
			targets = (
				BA62A4293D5A6FDC52023944 /* isa */,
			);
		};
/* End PBXProject section */

/* Begin PBXResourcesBuildPhase section */
		2BEBDB9AFD07D7FA68E993AC /* Resources */ = {
			isa = PBXResourcesBuildPhase;
			buildActionMask = 2147483647;
			files = (
				8D9201D9BDE2E3FD6A709BDA /* AppIcon.icns in Resources */,
				8AEEB3AD49CBBFA725FEE3CB /* Assets.xcassets in Resources */,
				D6FAAA3115D275E76FA3CB85 /* back.svg in Resources */,
				4EEA959AC96C786DCE929A72 /* content-blocker.json in Resources */,
				FD89C2DA18D8E9BAAFF593DA /* cosmetic-filters.json in Resources */,
				2C1D5953FD6A3BBF4C07A068 /* forward.svg in Resources */,
				18CECF81E2F415A5079FBF21 /* home.svg in Resources */,
				D988EAF27CFED58E485DD3C9 /* isa_browser.png in Resources */,
				59F91C1365AD69A23C4D6FC6 /* reload.svg in Resources */,
				68B047D633578BB33BF44EC1 /* scriptlets.json in Resources */,
			);
			runOnlyForDeploymentPostprocessing = 0;
		};
/* End PBXResourcesBuildPhase section */

/* Begin PBXSourcesBuildPhase section */
		4BB52176957E7F6D02802C3D /* Sources */ = {
			isa = PBXSourcesBuildPhase;
			buildActionMask = 2147483647;
			files = (
				78FD3D3F6111BD300BA2D66C /* AdBlockController.swift in Sources */,
				D003D2BBA8D57BF873C46FD5 /* AdBlockStatusPopover.swift in Sources */,
				E83B9707CDB2F3023777568C /* AnimatedThemeToggle.swift in Sources */,
				6C0ED7E3622816CBE8A50796 /* BrowserApp.swift in Sources */,
				9FC4F3A70468F001906711E2 /* BrowserViewModel.swift in Sources */,
				2AD878954FC4F688E031F81C /* ContentView.swift in Sources */,
				ABCB025E18964EB139E96BF1 /* DownloadManager.swift in Sources */,
				3AEBF223884B1D6567F78E57 /* DownloadsPopoverView.swift in Sources */,
				A3BF6314FA945799CCA5879E /* FindBarView.swift in Sources */,
				6BE3F62D6EB3F7C09FE01221 /* FindManager.swift in Sources */,
				777F029CBD2EE9C097AB16E4 /* HistoryManager.swift in Sources */,
				6EBA20E21E118F4196EB87F4 /* HistoryView.swift in Sources */,
				7A89E30D620EF1BCAE32EC7F /* PageCrashErrorView.swift in Sources */,
				F5CB8C513A013A41CCE1EA3E /* PerformanceMonitor.swift in Sources */,
				CC28BE87983ED7AA53A62D8D /* SettingsView.swift in Sources */,
				18D840420CE76B31055554AA /* ShortcutsManager.swift in Sources */,
				E5751AEB2732718B8D4C99FA /* ShortcutsView.swift in Sources */,
				33B54C5058CE967D522D8D63 /* WebView.swift in Sources */,
			);
			runOnlyForDeploymentPostprocessing = 0;
		};
/* End PBXSourcesBuildPhase section */

/* Begin XCBuildConfiguration section */
		36B57DF24D12A915E92967A2 /* Debug */ = {
			isa = XCBuildConfiguration;
			buildSettings = {
				ALWAYS_SEARCH_USER_PATHS = NO;
				CLANG_ANALYZER_NONNULL = YES;
				CLANG_ANALYZER_NUMBER_OBJECT_CONVERSION = YES_AGGRESSIVE;
				CLANG_CXX_LANGUAGE_STANDARD = "gnu++14";
				CLANG_CXX_LIBRARY = "libc++";
				CLANG_ENABLE_MODULES = YES;
				CLANG_ENABLE_OBJC_ARC = YES;
				CLANG_ENABLE_OBJC_WEAK = YES;
				CLANG_WARN_BLOCK_CAPTURE_AUTORELEASING = YES;
				CLANG_WARN_BOOL_CONVERSION = YES;
				CLANG_WARN_COMMA = YES;
				CLANG_WARN_CONSTANT_CONVERSION = YES;
				CLANG_WARN_DEPRECATED_OBJC_IMPLEMENTATIONS = YES;
				CLANG_WARN_DIRECT_OBJC_ISA_USAGE = YES_ERROR;
				CLANG_WARN_DOCUMENTATION_COMMENTS = YES;
				CLANG_WARN_EMPTY_BODY = YES;
				CLANG_WARN_ENUM_CONVERSION = YES;
				CLANG_WARN_INFINITE_RECURSION = YES;
				CLANG_WARN_INT_CONVERSION = YES;
				CLANG_WARN_NON_LITERAL_NULL_CONVERSION = YES;
				CLANG_WARN_OBJC_IMPLICIT_RETAIN_SELF = YES;
				CLANG_WARN_OBJC_LITERAL_CONVERSION = YES;
				CLANG_WARN_OBJC_ROOT_CLASS = YES_ERROR;
				CLANG_WARN_QUOTED_INCLUDE_IN_FRAMEWORK_HEADER = YES;
				CLANG_WARN_RANGE_LOOP_ANALYSIS = YES;
				CLANG_WARN_STRICT_PROTOTYPES = YES;
				CLANG_WARN_SUSPICIOUS_MOVE = YES;
				CLANG_WARN_UNGUARDED_AVAILABILITY = YES_AGGRESSIVE;
				CLANG_WARN_UNREACHABLE_CODE = YES;
				CLANG_WARN__DUPLICATE_METHOD_MATCH = YES;
				COPY_PHASE_STRIP = NO;
				DEBUG_INFORMATION_FORMAT = dwarf;
				ENABLE_STRICT_OBJC_MSGSEND = YES;
				ENABLE_TESTABILITY = YES;
				GCC_C_LANGUAGE_STANDARD = gnu11;
				GCC_DYNAMIC_NO_PIC = NO;
				GCC_NO_COMMON_BLOCKS = YES;
				GCC_OPTIMIZATION_LEVEL = 0;
				GCC_PREPROCESSOR_DEFINITIONS = (
					"$(inherited)",
					"DEBUG=1",
				);
				GCC_WARN_64_TO_32_BIT_CONVERSION = YES;
				GCC_WARN_ABOUT_RETURN_TYPE = YES_ERROR;
				GCC_WARN_UNDECLARED_SELECTOR = YES;
				GCC_WARN_UNINITIALIZED_AUTOS = YES_AGGRESSIVE;
				GCC_WARN_UNUSED_FUNCTION = YES;
				GCC_WARN_UNUSED_VARIABLE = YES;
				MACOSX_DEPLOYMENT_TARGET = 14.0;
				MTL_ENABLE_DEBUG_INFO = INCLUDE_SOURCE;
				MTL_FAST_MATH = YES;
				ONLY_ACTIVE_ARCH = YES;
				PRODUCT_NAME = "$(TARGET_NAME)";
				SDKROOT = macosx;
				SWIFT_ACTIVE_COMPILATION_CONDITIONS = DEBUG;
				SWIFT_OPTIMIZATION_LEVEL = "-Onone";
				SWIFT_VERSION = 5.0;
			};
			name = Debug;
		};
		55D6AA608608A65CF0FE9747 /* Debug */ = {
			isa = XCBuildConfiguration;
			buildSettings = {
				ASSETCATALOG_COMPILER_APPICON_NAME = AppIcon;
				CODE_SIGNING_REQUIRED = NO;
				CODE_SIGN_IDENTITY = "";
				CODE_SIGN_STYLE = Automatic;
				COMBINE_HIDPI_IMAGES = YES;
				ENABLE_HARDENED_RUNTIME = NO;
				GENERATE_INFOPLIST_FILE = YES;
				INFOPLIST_KEY_CFBundleDisplayName = isa;
				INFOPLIST_KEY_CFBundleIconFile = AppIcon;
				LD_RUNPATH_SEARCH_PATHS = (
					"$(inherited)",
					"@executable_path/../Frameworks",
				);
				MACOSX_DEPLOYMENT_TARGET = 14.0;
				PRODUCT_BUNDLE_IDENTIFIER = com.isa.browser;
				PRODUCT_NAME = isa;
				SDKROOT = macosx;
				SWIFT_VERSION = 5.0;
			};
			name = Debug;
		};
		B8B34EE8FC05586BACAAD834 /* Release */ = {
			isa = XCBuildConfiguration;
			buildSettings = {
				ALWAYS_SEARCH_USER_PATHS = NO;
				CLANG_ANALYZER_NONNULL = YES;
				CLANG_ANALYZER_NUMBER_OBJECT_CONVERSION = YES_AGGRESSIVE;
				CLANG_CXX_LANGUAGE_STANDARD = "gnu++14";
				CLANG_CXX_LIBRARY = "libc++";
				CLANG_ENABLE_MODULES = YES;
				CLANG_ENABLE_OBJC_ARC = YES;
				CLANG_ENABLE_OBJC_WEAK = YES;
				CLANG_WARN_BLOCK_CAPTURE_AUTORELEASING = YES;
				CLANG_WARN_BOOL_CONVERSION = YES;
				CLANG_WARN_COMMA = YES;
				CLANG_WARN_CONSTANT_CONVERSION = YES;
				CLANG_WARN_DEPRECATED_OBJC_IMPLEMENTATIONS = YES;
				CLANG_WARN_DIRECT_OBJC_ISA_USAGE = YES_ERROR;
				CLANG_WARN_DOCUMENTATION_COMMENTS = YES;
				CLANG_WARN_EMPTY_BODY = YES;
				CLANG_WARN_ENUM_CONVERSION = YES;
				CLANG_WARN_INFINITE_RECURSION = YES;
				CLANG_WARN_INT_CONVERSION = YES;
				CLANG_WARN_NON_LITERAL_NULL_CONVERSION = YES;
				CLANG_WARN_OBJC_IMPLICIT_RETAIN_SELF = YES;
				CLANG_WARN_OBJC_LITERAL_CONVERSION = YES;
				CLANG_WARN_OBJC_ROOT_CLASS = YES_ERROR;
				CLANG_WARN_QUOTED_INCLUDE_IN_FRAMEWORK_HEADER = YES;
				CLANG_WARN_RANGE_LOOP_ANALYSIS = YES;
				CLANG_WARN_STRICT_PROTOTYPES = YES;
				CLANG_WARN_SUSPICIOUS_MOVE = YES;
				CLANG_WARN_UNGUARDED_AVAILABILITY = YES_AGGRESSIVE;
				CLANG_WARN_UNREACHABLE_CODE = YES;
				CLANG_WARN__DUPLICATE_METHOD_MATCH = YES;
				COPY_PHASE_STRIP = NO;
				DEBUG_INFORMATION_FORMAT = "dwarf-with-dsym";
				ENABLE_NS_ASSERTIONS = NO;
				ENABLE_STRICT_OBJC_MSGSEND = YES;
				GCC_C_LANGUAGE_STANDARD = gnu11;
				GCC_NO_COMMON_BLOCKS = YES;
				GCC_WARN_64_TO_32_BIT_CONVERSION = YES;
				GCC_WARN_ABOUT_RETURN_TYPE = YES_ERROR;
				GCC_WARN_UNDECLARED_SELECTOR = YES;
				GCC_WARN_UNINITIALIZED_AUTOS = YES_AGGRESSIVE;
				GCC_WARN_UNUSED_FUNCTION = YES;
				GCC_WARN_UNUSED_VARIABLE = YES;
				MACOSX_DEPLOYMENT_TARGET = 14.0;
				MTL_ENABLE_DEBUG_INFO = NO;
				MTL_FAST_MATH = YES;
				PRODUCT_NAME = "$(TARGET_NAME)";
				SDKROOT = macosx;
				SWIFT_COMPILATION_MODE = wholemodule;
				SWIFT_OPTIMIZATION_LEVEL = "-O";
				SWIFT_VERSION = 5.0;
			};
			name = Release;
		};
		D303CD00948C6008C4FA1704 /* Release */ = {
			isa = XCBuildConfiguration;
			buildSettings = {
				ASSETCATALOG_COMPILER_APPICON_NAME = AppIcon;
				CODE_SIGNING_REQUIRED = NO;
				CODE_SIGN_IDENTITY = "";
				CODE_SIGN_STYLE = Automatic;
				COMBINE_HIDPI_IMAGES = YES;
				ENABLE_HARDENED_RUNTIME = NO;
				GENERATE_INFOPLIST_FILE = YES;
				INFOPLIST_KEY_CFBundleDisplayName = isa;
				INFOPLIST_KEY_CFBundleIconFile = AppIcon;
				LD_RUNPATH_SEARCH_PATHS = (
					"$(inherited)",
					"@executable_path/../Frameworks",
				);
				MACOSX_DEPLOYMENT_TARGET = 14.0;
				PRODUCT_BUNDLE_IDENTIFIER = com.isa.browser;
				PRODUCT_NAME = isa;
				SDKROOT = macosx;
				SWIFT_VERSION = 5.0;
			};
			name = Release;
		};
/* End XCBuildConfiguration section */

/* Begin XCConfigurationList section */
		B83800C44C9FD264523FD72C /* Build configuration list for PBXNativeTarget "isa" */ = {
			isa = XCConfigurationList;
			buildConfigurations = (
				55D6AA608608A65CF0FE9747 /* Debug */,
				D303CD00948C6008C4FA1704 /* Release */,
			);
			defaultConfigurationIsVisible = 0;
			defaultConfigurationName = Debug;
		};
		BDCD5A0769990FEC79A60387 /* Build configuration list for PBXProject "isa" */ = {
			isa = XCConfigurationList;
			buildConfigurations = (
				36B57DF24D12A915E92967A2 /* Debug */,
				B8B34EE8FC05586BACAAD834 /* Release */,
			);
			defaultConfigurationIsVisible = 0;
			defaultConfigurationName = Debug;
		};
/* End XCConfigurationList section */
	};
	rootObject = 0D98922E04F9142B26542209 /* Project object */;
}
