// !$*UTF8*$!
{
	archiveVersion = 1;
	classes = {
	};
	objectVersion = 77;
	objects = {

/* Begin PBXBuildFile section */
		09EB134DA3A87B4FF18C5A46 /* BrowserApp.swift in Sources */ = {isa = PBXBuildFile; fileRef = 2A2C691A1D2C45FCE3AF7760 /* BrowserApp.swift */; };
		0AC724332C38C09C3947F4A7 /* PerformanceMonitor.swift in Sources */ = {isa = PBXBuildFile; fileRef = AA9867D2DC69FD0595345C1F /* PerformanceMonitor.swift */; };
		18CECF81E2F415A5079FBF21 /* home.svg in Resources */ = {isa = PBXBuildFile; fileRef = 700B59D84A0CDB7D7762F1D3 /* home.svg */; };
		2C1D5953FD6A3BBF4C07A068 /* forward.svg in Resources */ = {isa = PBXBuildFile; fileRef = 9F6A13D7569E2BCF516C073A /* forward.svg */; };
		2E9935927389BC58B3C79634 /* BrowserViewModel.swift in Sources */ = {isa = PBXBuildFile; fileRef = BE843F5CEBEB649CA5A2E830 /* BrowserViewModel.swift */; };
		455AF9614672E328419D9FD9 /* HistoryManager.swift in Sources */ = {isa = PBXBuildFile; fileRef = F633ED0068EDAF6D7850773B /* HistoryManager.swift */; };
		4EEA959AC96C786DCE929A72 /* content-blocker.json in Resources */ = {isa = PBXBuildFile; fileRef = F0A52A1F857D2F78C1C727B7 /* content-blocker.json */; };
		59F91C1365AD69A23C4D6FC6 /* reload.svg in Resources */ = {isa = PBXBuildFile; fileRef = CCF736D58D4B1B9DD78B6DC7 /* reload.svg */; };
		78FD3D3F6111BD300BA2D66C /* AdBlockController.swift in Sources */ = {isa = PBXBuildFile; fileRef = FCFA86E23377365E7AD1051C /* AdBlockController.swift */; };
		A35520F95DD2AC73636C943C /* ShortcutsManager.swift in Sources */ = {isa = PBXBuildFile; fileRef = 7DCDF41A4FBF447C8ACDE379 /* ShortcutsManager.swift */; };
		CE1833878057E0544DAEEE91 /* WebView.swift in Sources */ = {isa = PBXBuildFile; fileRef = A6347A7548A0AB7642EBF924 /* WebView.swift */; };
		D003D2BBA8D57BF873C46FD5 /* AdBlockStatusPopover.swift in Sources */ = {isa = PBXBuildFile; fileRef = A52EBA0EC0EF38D81593115C /* AdBlockStatusPopover.swift */; };
		D4356FC567DDF9244C71A270 /* ContentView.swift in Sources */ = {isa = PBXBuildFile; fileRef = D6D6C2DA623C79C993BEC85B /* ContentView.swift */; };
		D6FAAA3115D275E76FA3CB85 /* back.svg in Resources */ = {isa = PBXBuildFile; fileRef = 91BB8B6F9E31DAD0ED03D68A /* back.svg */; };
		E9636DAA3EBF1F919D9C988B /* ShortcutsView.swift in Sources */ = {isa = PBXBuildFile; fileRef = 2A08E9252783AEF945D7C938 /* ShortcutsView.swift */; };
		FD89C2DA18D8E9BAAFF593DA /* cosmetic-filters.json in Resources */ = {isa = PBXBuildFile; fileRef = 72261784DAB32E409CD0F35A /* cosmetic-filters.json */; };
/* End PBXBuildFile section */

/* Begin PBXFileReference section */
		2A08E9252783AEF945D7C938 /* ShortcutsView.swift */ = {isa = PBXFileReference; lastKnownFileType = sourcecode.swift; path = ShortcutsView.swift; sourceTree = "<group>"; };
		2A2C691A1D2C45FCE3AF7760 /* BrowserApp.swift */ = {isa = PBXFileReference; lastKnownFileType = sourcecode.swift; path = BrowserApp.swift; sourceTree = "<group>"; };
		700B59D84A0CDB7D7762F1D3 /* home.svg */ = {isa = PBXFileReference; path = home.svg; sourceTree = "<group>"; };
		72261784DAB32E409CD0F35A /* cosmetic-filters.json */ = {isa = PBXFileReference; lastKnownFileType = text.json; path = "cosmetic-filters.json"; sourceTree = "<group>"; };
		743BD572D7B7FC8B70AE8D69 /* isa.app */ = {isa = PBXFileReference; explicitFileType = wrapper.application; includeInIndex = 0; path = isa.app; sourceTree = BUILT_PRODUCTS_DIR; };
		7DCDF41A4FBF447C8ACDE379 /* ShortcutsManager.swift */ = {isa = PBXFileReference; lastKnownFileType = sourcecode.swift; path = ShortcutsManager.swift; sourceTree = "<group>"; };
		91BB8B6F9E31DAD0ED03D68A /* back.svg */ = {isa = PBXFileReference; path = back.svg; sourceTree = "<group>"; };
		9F6A13D7569E2BCF516C073A /* forward.svg */ = {isa = PBXFileReference; path = forward.svg; sourceTree = "<group>"; };
		A52EBA0EC0EF38D81593115C /* AdBlockStatusPopover.swift */ = {isa = PBXFileReference; lastKnownFileType = sourcecode.swift; path = AdBlockStatusPopover.swift; sourceTree = "<group>"; };
		A6347A7548A0AB7642EBF924 /* WebView.swift */ = {isa = PBXFileReference; lastKnownFileType = sourcecode.swift; path = WebView.swift; sourceTree = "<group>"; };
		AA9867D2DC69FD0595345C1F /* PerformanceMonitor.swift */ = {isa = PBXFileReference; lastKnownFileType = sourcecode.swift; path = PerformanceMonitor.swift; sourceTree = "<group>"; };
		BE843F5CEBEB649CA5A2E830 /* BrowserViewModel.swift */ = {isa = PBXFileReference; lastKnownFileType = sourcecode.swift; path = BrowserViewModel.swift; sourceTree = "<group>"; };
		CCF736D58D4B1B9DD78B6DC7 /* reload.svg */ = {isa = PBXFileReference; path = reload.svg; sourceTree = "<group>"; };
		D6D6C2DA623C79C993BEC85B /* ContentView.swift */ = {isa = PBXFileReference; lastKnownFileType = sourcecode.swift; path = ContentView.swift; sourceTree = "<group>"; };
		F0A52A1F857D2F78C1C727B7 /* content-blocker.json */ = {isa = PBXFileReference; lastKnownFileType = text.json; path = "content-blocker.json"; sourceTree = "<group>"; };
		F633ED0068EDAF6D7850773B /* HistoryManager.swift */ = {isa = PBXFileReference; lastKnownFileType = sourcecode.swift; path = HistoryManager.swift; sourceTree = "<group>"; };
		FCFA86E23377365E7AD1051C /* AdBlockController.swift */ = {isa = PBXFileReference; lastKnownFileType = sourcecode.swift; path = AdBlockController.swift; sourceTree = "<group>"; };
/* End PBXFileReference section */

/* Begin PBXGroup section */
		5066DB9A88516AE2B881AA56 /* Sources */ = {
			isa = PBXGroup;
			children = (
				2A2C691A1D2C45FCE3AF7760 /* BrowserApp.swift */,
				BE843F5CEBEB649CA5A2E830 /* BrowserViewModel.swift */,
				D6D6C2DA623C79C993BEC85B /* ContentView.swift */,
				F633ED0068EDAF6D7850773B /* HistoryManager.swift */,
				AA9867D2DC69FD0595345C1F /* PerformanceMonitor.swift */,
				7DCDF41A4FBF447C8ACDE379 /* ShortcutsManager.swift */,
				2A08E9252783AEF945D7C938 /* ShortcutsView.swift */,
				A6347A7548A0AB7642EBF924 /* WebView.swift */,
				C0E1124C8EA80C4A29730C3D /* Adblocker */,
			);
			path = Sources;
			sourceTree = "<group>";
		};
		74C0FC5AAC080B0E233CF4D5 /* Assets */ = {
			isa = PBXGroup;
			children = (
				91BB8B6F9E31DAD0ED03D68A /* back.svg */,
				9F6A13D7569E2BCF516C073A /* forward.svg */,
				700B59D84A0CDB7D7762F1D3 /* home.svg */,
				CCF736D58D4B1B9DD78B6DC7 /* reload.svg */,
			);
			path = Assets;
			sourceTree = "<group>";
		};
		C0E1124C8EA80C4A29730C3D /* Adblocker */ = {
			isa = PBXGroup;
			children = (
				FCFA86E23377365E7AD1051C /* AdBlockController.swift */,
				A52EBA0EC0EF38D81593115C /* AdBlockStatusPopover.swift */,
			);
			path = Adblocker;
			sourceTree = "<group>";
		};
		CF6ECE20A724DCC289C91F4E = {
			isa = PBXGroup;
			children = (
				74C0FC5AAC080B0E233CF4D5 /* Assets */,
				DD1614F6EAC8AB9123D8ECA8 /* rules */,
				5066DB9A88516AE2B881AA56 /* Sources */,
				F80396EEF2BBB80B6BBF99C0 /* Products */,
			);
			sourceTree = "<group>";
		};
		DD1614F6EAC8AB9123D8ECA8 /* rules */ = {
			isa = PBXGroup;
			children = (
				F0A52A1F857D2F78C1C727B7 /* content-blocker.json */,
				72261784DAB32E409CD0F35A /* cosmetic-filters.json */,
			);
			path = rules;
			sourceTree = "<group>";
		};
		F80396EEF2BBB80B6BBF99C0 /* Products */ = {
			isa = PBXGroup;
			children = (
				743BD572D7B7FC8B70AE8D69 /* isa.app */,
			);
			name = Products;
			sourceTree = "<group>";
		};
/* End PBXGroup section */

/* Begin PBXNativeTarget section */
		BA62A4293D5A6FDC52023944 /* isa */ = {
			isa = PBXNativeTarget;
			buildConfigurationList = B83800C44C9FD264523FD72C /* Build configuration list for PBXNativeTarget "isa" */;
			buildPhases = (
				4BB52176957E7F6D02802C3D /* Sources */,
				2BEBDB9AFD07D7FA68E993AC /* Resources */,
			);
			buildRules = (
			);
			dependencies = (
			);
			name = isa;
			packageProductDependencies = (
			);
			productName = isa;
			productReference = 743BD572D7B7FC8B70AE8D69 /* isa.app */;
			productType = "com.apple.product-type.application";
		};
/* End PBXNativeTarget section */

/* Begin PBXProject section */
		0D98922E04F9142B26542209 /* Project object */ = {
			isa = PBXProject;
			attributes = {
				BuildIndependentTargetsInParallel = YES;
				LastUpgradeCheck = 1430;
				TargetAttributes = {
					BA62A4293D5A6FDC52023944 = {
						ProvisioningStyle = Automatic;
					};
				};
			};
			buildConfigurationList = BDCD5A0769990FEC79A60387 /* Build configuration list for PBXProject "isa" */;
			developmentRegion = en;
			hasScannedForEncodings = 0;
			knownRegions = (
				Base,
				en,
			);
			mainGroup = CF6ECE20A724DCC289C91F4E;
			minimizedProjectReferenceProxies = 1;
			preferredProjectObjectVersion = 77;
			productRefGroup = F80396EEF2BBB80B6BBF99C0 /* Products */;
			projectDirPath = "";
			projectRoot = "";
			targets = (
				BA62A4293D5A6FDC52023944 /* isa */,
			);
		};
/* End PBXProject section */

/* Begin PBXResourcesBuildPhase section */
		2BEBDB9AFD07D7FA68E993AC /* Resources */ = {
			isa = PBXResourcesBuildPhase;
			buildActionMask = 2147483647;
			files = (
				D6FAAA3115D275E76FA3CB85 /* back.svg in Resources */,
				4EEA959AC96C786DCE929A72 /* content-blocker.json in Resources */,
				FD89C2DA18D8E9BAAFF593DA /* cosmetic-filters.json in Resources */,
				2C1D5953FD6A3BBF4C07A068 /* forward.svg in Resources */,
				18CECF81E2F415A5079FBF21 /* home.svg in Resources */,
				59F91C1365AD69A23C4D6FC6 /* reload.svg in Resources */,
			);
			runOnlyForDeploymentPostprocessing = 0;
		};
/* End PBXResourcesBuildPhase section */

/* Begin PBXSourcesBuildPhase section */
		4BB52176957E7F6D02802C3D /* Sources */ = {
			isa = PBXSourcesBuildPhase;
			buildActionMask = 2147483647;
			files = (
				78FD3D3F6111BD300BA2D66C /* AdBlockController.swift in Sources */,
				D003D2BBA8D57BF873C46FD5 /* AdBlockStatusPopover.swift in Sources */,
				09EB134DA3A87B4FF18C5A46 /* BrowserApp.swift in Sources */,
				2E9935927389BC58B3C79634 /* BrowserViewModel.swift in Sources */,
				D4356FC567DDF9244C71A270 /* ContentView.swift in Sources */,
				455AF9614672E328419D9FD9 /* HistoryManager.swift in Sources */,
				0AC724332C38C09C3947F4A7 /* PerformanceMonitor.swift in Sources */,
				A35520F95DD2AC73636C943C /* ShortcutsManager.swift in Sources */,
				E9636DAA3EBF1F919D9C988B /* ShortcutsView.swift in Sources */,
				CE1833878057E0544DAEEE91 /* WebView.swift in Sources */,
			);
			runOnlyForDeploymentPostprocessing = 0;
		};
/* End PBXSourcesBuildPhase section */

/* Begin XCBuildConfiguration section */
		36B57DF24D12A915E92967A2 /* Debug */ = {
			isa = XCBuildConfiguration;
			buildSettings = {
				ALWAYS_SEARCH_USER_PATHS = NO;
				CLANG_ANALYZER_NONNULL = YES;
				CLANG_ANALYZER_NUMBER_OBJECT_CONVERSION = YES_AGGRESSIVE;
				CLANG_CXX_LANGUAGE_STANDARD = "gnu++14";
				CLANG_CXX_LIBRARY = "libc++";
				CLANG_ENABLE_MODULES = YES;
				CLANG_ENABLE_OBJC_ARC = YES;
				CLANG_ENABLE_OBJC_WEAK = YES;
				CLANG_WARN_BLOCK_CAPTURE_AUTORELEASING = YES;
				CLANG_WARN_BOOL_CONVERSION = YES;
				CLANG_WARN_COMMA = YES;
				CLANG_WARN_CONSTANT_CONVERSION = YES;
				CLANG_WARN_DEPRECATED_OBJC_IMPLEMENTATIONS = YES;
				CLANG_WARN_DIRECT_OBJC_ISA_USAGE = YES_ERROR;
				CLANG_WARN_DOCUMENTATION_COMMENTS = YES;
				CLANG_WARN_EMPTY_BODY = YES;
				CLANG_WARN_ENUM_CONVERSION = YES;
				CLANG_WARN_INFINITE_RECURSION = YES;
				CLANG_WARN_INT_CONVERSION = YES;
				CLANG_WARN_NON_LITERAL_NULL_CONVERSION = YES;
				CLANG_WARN_OBJC_IMPLICIT_RETAIN_SELF = YES;
				CLANG_WARN_OBJC_LITERAL_CONVERSION = YES;
				CLANG_WARN_OBJC_ROOT_CLASS = YES_ERROR;
				CLANG_WARN_QUOTED_INCLUDE_IN_FRAMEWORK_HEADER = YES;
				CLANG_WARN_RANGE_LOOP_ANALYSIS = YES;
				CLANG_WARN_STRICT_PROTOTYPES = YES;
				CLANG_WARN_SUSPICIOUS_MOVE = YES;
				CLANG_WARN_UNGUARDED_AVAILABILITY = YES_AGGRESSIVE;
				CLANG_WARN_UNREACHABLE_CODE = YES;
				CLANG_WARN__DUPLICATE_METHOD_MATCH = YES;
				COPY_PHASE_STRIP = NO;
				DEBUG_INFORMATION_FORMAT = dwarf;
				ENABLE_STRICT_OBJC_MSGSEND = YES;
				ENABLE_TESTABILITY = YES;
				GCC_C_LANGUAGE_STANDARD = gnu11;
				GCC_DYNAMIC_NO_PIC = NO;
				GCC_NO_COMMON_BLOCKS = YES;
				GCC_OPTIMIZATION_LEVEL = 0;
				GCC_PREPROCESSOR_DEFINITIONS = (
					"$(inherited)",
					"DEBUG=1",
				);
				GCC_WARN_64_TO_32_BIT_CONVERSION = YES;
				GCC_WARN_ABOUT_RETURN_TYPE = YES_ERROR;
				GCC_WARN_UNDECLARED_SELECTOR = YES;
				GCC_WARN_UNINITIALIZED_AUTOS = YES_AGGRESSIVE;
				GCC_WARN_UNUSED_FUNCTION = YES;
				GCC_WARN_UNUSED_VARIABLE = YES;
				MACOSX_DEPLOYMENT_TARGET = 14.0;
				MTL_ENABLE_DEBUG_INFO = INCLUDE_SOURCE;
				MTL_FAST_MATH = YES;
				ONLY_ACTIVE_ARCH = YES;
				PRODUCT_NAME = "$(TARGET_NAME)";
				SDKROOT = macosx;
				SWIFT_ACTIVE_COMPILATION_CONDITIONS = DEBUG;
				SWIFT_OPTIMIZATION_LEVEL = "-Onone";
				SWIFT_VERSION = 5.0;
			};
			name = Debug;
		};
		55D6AA608608A65CF0FE9747 /* Debug */ = {
			isa = XCBuildConfiguration;
			buildSettings = {
				ASSETCATALOG_COMPILER_APPICON_NAME = AppIcon;
				CODE_SIGNING_REQUIRED = NO;
				CODE_SIGN_IDENTITY = "";
				CODE_SIGN_STYLE = Automatic;
				COMBINE_HIDPI_IMAGES = YES;
				ENABLE_HARDENED_RUNTIME = NO;
				GENERATE_INFOPLIST_FILE = YES;
				INFOPLIST_KEY_CFBundleDisplayName = isa;
				LD_RUNPATH_SEARCH_PATHS = (
					"$(inherited)",
					"@executable_path/../Frameworks",
				);
				MACOSX_DEPLOYMENT_TARGET = 14.0;
				PRODUCT_BUNDLE_IDENTIFIER = com.isa.browser;
				PRODUCT_NAME = isa;
				SDKROOT = macosx;
				SWIFT_VERSION = 5.0;
			};
			name = Debug;
		};
		B8B34EE8FC05586BACAAD834 /* Release */ = {
			isa = XCBuildConfiguration;
			buildSettings = {
				ALWAYS_SEARCH_USER_PATHS = NO;
				CLANG_ANALYZER_NONNULL = YES;
				CLANG_ANALYZER_NUMBER_OBJECT_CONVERSION = YES_AGGRESSIVE;
				CLANG_CXX_LANGUAGE_STANDARD = "gnu++14";
				CLANG_CXX_LIBRARY = "libc++";
				CLANG_ENABLE_MODULES = YES;
				CLANG_ENABLE_OBJC_ARC = YES;
				CLANG_ENABLE_OBJC_WEAK = YES;
				CLANG_WARN_BLOCK_CAPTURE_AUTORELEASING = YES;
				CLANG_WARN_BOOL_CONVERSION = YES;
				CLANG_WARN_COMMA = YES;
				CLANG_WARN_CONSTANT_CONVERSION = YES;
				CLANG_WARN_DEPRECATED_OBJC_IMPLEMENTATIONS = YES;
				CLANG_WARN_DIRECT_OBJC_ISA_USAGE = YES_ERROR;
				CLANG_WARN_DOCUMENTATION_COMMENTS = YES;
				CLANG_WARN_EMPTY_BODY = YES;
				CLANG_WARN_ENUM_CONVERSION = YES;
				CLANG_WARN_INFINITE_RECURSION = YES;
				CLANG_WARN_INT_CONVERSION = YES;
				CLANG_WARN_NON_LITERAL_NULL_CONVERSION = YES;
				CLANG_WARN_OBJC_IMPLICIT_RETAIN_SELF = YES;
				CLANG_WARN_OBJC_LITERAL_CONVERSION = YES;
				CLANG_WARN_OBJC_ROOT_CLASS = YES_ERROR;
				CLANG_WARN_QUOTED_INCLUDE_IN_FRAMEWORK_HEADER = YES;
				CLANG_WARN_RANGE_LOOP_ANALYSIS = YES;
				CLANG_WARN_STRICT_PROTOTYPES = YES;
				CLANG_WARN_SUSPICIOUS_MOVE = YES;
				CLANG_WARN_UNGUARDED_AVAILABILITY = YES_AGGRESSIVE;
				CLANG_WARN_UNREACHABLE_CODE = YES;
				CLANG_WARN__DUPLICATE_METHOD_MATCH = YES;
				COPY_PHASE_STRIP = NO;
				DEBUG_INFORMATION_FORMAT = "dwarf-with-dsym";
				ENABLE_NS_ASSERTIONS = NO;
				ENABLE_STRICT_OBJC_MSGSEND = YES;
				GCC_C_LANGUAGE_STANDARD = gnu11;
				GCC_NO_COMMON_BLOCKS = YES;
				GCC_WARN_64_TO_32_BIT_CONVERSION = YES;
				GCC_WARN_ABOUT_RETURN_TYPE = YES_ERROR;
				GCC_WARN_UNDECLARED_SELECTOR = YES;
				GCC_WARN_UNINITIALIZED_AUTOS = YES_AGGRESSIVE;
				GCC_WARN_UNUSED_FUNCTION = YES;
				GCC_WARN_UNUSED_VARIABLE = YES;
				MACOSX_DEPLOYMENT_TARGET = 14.0;
				MTL_ENABLE_DEBUG_INFO = NO;
				MTL_FAST_MATH = YES;
				PRODUCT_NAME = "$(TARGET_NAME)";
				SDKROOT = macosx;
				SWIFT_COMPILATION_MODE = wholemodule;
				SWIFT_OPTIMIZATION_LEVEL = "-O";
				SWIFT_VERSION = 5.0;
			};
			name = Release;
		};
		D303CD00948C6008C4FA1704 /* Release */ = {
			isa = XCBuildConfiguration;
			buildSettings = {
				ASSETCATALOG_COMPILER_APPICON_NAME = AppIcon;
				CODE_SIGNING_REQUIRED = NO;
				CODE_SIGN_IDENTITY = "";
				CODE_SIGN_STYLE = Automatic;
				COMBINE_HIDPI_IMAGES = YES;
				ENABLE_HARDENED_RUNTIME = NO;
				GENERATE_INFOPLIST_FILE = YES;
				INFOPLIST_KEY_CFBundleDisplayName = isa;
				LD_RUNPATH_SEARCH_PATHS = (
					"$(inherited)",
					"@executable_path/../Frameworks",
				);
				MACOSX_DEPLOYMENT_TARGET = 14.0;
				PRODUCT_BUNDLE_IDENTIFIER = com.isa.browser;
				PRODUCT_NAME = isa;
				SDKROOT = macosx;
				SWIFT_VERSION = 5.0;
			};
			name = Release;
		};
/* End XCBuildConfiguration section */

/* Begin XCConfigurationList section */
		B83800C44C9FD264523FD72C /* Build configuration list for PBXNativeTarget "isa" */ = {
			isa = XCConfigurationList;
			buildConfigurations = (
				55D6AA608608A65CF0FE9747 /* Debug */,
				D303CD00948C6008C4FA1704 /* Release */,
			);
			defaultConfigurationIsVisible = 0;
			defaultConfigurationName = Debug;
		};
		BDCD5A0769990FEC79A60387 /* Build configuration list for PBXProject "isa" */ = {
			isa = XCConfigurationList;
			buildConfigurations = (
				36B57DF24D12A915E92967A2 /* Debug */,
				B8B34EE8FC05586BACAAD834 /* Release */,
			);
			defaultConfigurationIsVisible = 0;
			defaultConfigurationName = Debug;
		};
/* End XCConfigurationList section */
	};
	rootObject = 0D98922E04F9142B26542209 /* Project object */;
}
